
Microsoft Visual Studio Solution File, Format Version 12.00
# Visual Studio 15
VisualStudioVersion = 15.0.27004.2002
MinimumVisualStudioVersion = 10.0.40219.1
Project("{FAE04EC0-301F-11D3-BF4B-00C04F79EFBC}") = "HW25_ASP.NET_MVC_CORE", "HW25_ASP.NET_MVC_CORE\HW25_ASP.NET_MVC_CORE.csproj", "{B94AEE28-BF61-4D03-8214-D7E7C0A9EA80}"
EndProject
Global
	GlobalSection(SolutionConfigurationPlatforms) = preSolution
		Debug|Any CPU = Debug|Any CPU
		Release|Any CPU = Release|Any CPU
	EndGlobalSection
	GlobalSection(ProjectConfigurationPlatforms) = postSolution
		{B94AEE28-BF61-4D03-8214-D7E7C0A9EA80}.Debug|Any CPU.ActiveCfg = Debug|Any CPU
		{B94AEE28-BF61-4D03-8214-D7E7C0A9EA80}.Debug|Any CPU.Build.0 = Debug|Any CPU
		{B94AEE28-BF61-4D03-8214-D7E7C0A9EA80}.Release|Any CPU.ActiveCfg = Release|Any CPU
		{B94AEE28-BF61-4D03-8214-D7E7C0A9EA80}.Release|Any CPU.Build.0 = Release|Any CPU
	EndGlobalSection
	GlobalSection(SolutionProperties) = preSolution
		HideSolutionNode = FALSE
	EndGlobalSection
	GlobalSection(ExtensibilityGlobals) = postSolution
		SolutionGuid = {250AF197-6C34-4161-84AD-9F3FD557A061}
	EndGlobalSection
EndGlobal
